
Microsoft Visual Studio Solution File, Format Version 12.00
# Visual Studio 2015
Project("{FAE04EC0-301F-11D3-BF4B-00C04F79EFBC}") = "Algorhythms.CSharp", "Algorhythms.CSharp.csproj", "{E9876799-6481-7F5B-4A10-2041752533BC}"
EndProject
Project("{FAE04EC0-301F-11D3-BF4B-00C04F79EFBC}") = "Algorhythms.CSharp.Editor", "Algorhythms.CSharp.Editor.csproj", "{13E55B1E-B7D0-C58D-B6C6-4B2593BB8750}"
EndProject
Global
	GlobalSection(SolutionConfigurationPlatforms) = preSolution
		Debug|Any CPU = Debug|Any CPU
		Release|Any CPU = Release|Any CPU
	EndGlobalSection
	GlobalSection(ProjectConfigurationPlatforms) = postSolution
		{E9876799-6481-7F5B-4A10-2041752533BC}.Debug|Any CPU.ActiveCfg = Debug|Any CPU
		{E9876799-6481-7F5B-4A10-2041752533BC}.Debug|Any CPU.Build.0 = Debug|Any CPU
		{E9876799-6481-7F5B-4A10-2041752533BC}.Release|Any CPU.ActiveCfg = Release|Any CPU
		{E9876799-6481-7F5B-4A10-2041752533BC}.Release|Any CPU.Build.0 = Release|Any CPU
		{13E55B1E-B7D0-C58D-B6C6-4B2593BB8750}.Debug|Any CPU.ActiveCfg = Debug|Any CPU
		{13E55B1E-B7D0-C58D-B6C6-4B2593BB8750}.Debug|Any CPU.Build.0 = Debug|Any CPU
		{13E55B1E-B7D0-C58D-B6C6-4B2593BB8750}.Release|Any CPU.ActiveCfg = Release|Any CPU
		{13E55B1E-B7D0-C58D-B6C6-4B2593BB8750}.Release|Any CPU.Build.0 = Release|Any CPU
	EndGlobalSection
	GlobalSection(SolutionProperties) = preSolution
		HideSolutionNode = FALSE
	EndGlobalSection
EndGlobal
